// !$*UTF8*$!
{
	archiveVersion = 1;
	classes = {
	};
	objectVersion = 51;
	objects = {

/* Begin PBXBuildFile section */
		7495B6866E83E1BD3B595F90 /* Pods_HomeSpaceUITests.framework in Frameworks */ = {isa = PBXBuildFile; fileRef = E5DC2273CFF1FA4006E954F0 /* Pods_HomeSpaceUITests.framework */; };
		84A6FCEE226FA62D00C59149 /* GoogleService-Info.plist in Resources */ = {isa = PBXBuildFile; fileRef = 84A6FCED226FA62D00C59149 /* GoogleService-Info.plist */; };
		9A37E1FC0F00AE0B50AC81C1 /* Pods_HomeSpace.framework in Frameworks */ = {isa = PBXBuildFile; fileRef = 55CFAE3A0FE8C51FD14AAE2E /* Pods_HomeSpace.framework */; };
		C25E60D1223A7B8100EE9AFE /* designableView.swift in Sources */ = {isa = PBXBuildFile; fileRef = C25E60D0223A7B8100EE9AFE /* designableView.swift */; };
		C267F505223920A400D7771F /* AppDelegate.swift in Sources */ = {isa = PBXBuildFile; fileRef = C267F504223920A400D7771F /* AppDelegate.swift */; };
		C267F507223920A400D7771F /* ViewController.swift in Sources */ = {isa = PBXBuildFile; fileRef = C267F506223920A400D7771F /* ViewController.swift */; };
		C267F50A223920A400D7771F /* Main.storyboard in Resources */ = {isa = PBXBuildFile; fileRef = C267F508223920A400D7771F /* Main.storyboard */; };
		C267F50C223920A600D7771F /* Assets.xcassets in Resources */ = {isa = PBXBuildFile; fileRef = C267F50B223920A600D7771F /* Assets.xcassets */; };
		C267F50F223920A600D7771F /* LaunchScreen.storyboard in Resources */ = {isa = PBXBuildFile; fileRef = C267F50D223920A600D7771F /* LaunchScreen.storyboard */; };
		C267F51A223920A600D7771F /* HomeSpaceTests.swift in Sources */ = {isa = PBXBuildFile; fileRef = C267F519223920A600D7771F /* HomeSpaceTests.swift */; };
		C267F525223920A600D7771F /* HomeSpaceUITests.swift in Sources */ = {isa = PBXBuildFile; fileRef = C267F524223920A600D7771F /* HomeSpaceUITests.swift */; };
		C267F53322392B8D00D7771F /* addTaskViewController.swift in Sources */ = {isa = PBXBuildFile; fileRef = C267F53222392B8D00D7771F /* addTaskViewController.swift */; };
		C289C5B622393DC10042C00D /* Task.swift in Sources */ = {isa = PBXBuildFile; fileRef = C289C5B522393DC10042C00D /* Task.swift */; };
		C289C5B822393F0D0042C00D /* taskManager.swift in Sources */ = {isa = PBXBuildFile; fileRef = C289C5B722393F0D0042C00D /* taskManager.swift */; };
		C289C5BA223945200042C00D /* tasksTableViewCell.swift in Sources */ = {isa = PBXBuildFile; fileRef = C289C5B9223945200042C00D /* tasksTableViewCell.swift */; };
		C28E2EB122392C1200175556 /* moveGroupViewController.swift in Sources */ = {isa = PBXBuildFile; fileRef = C28E2EB022392C1200175556 /* moveGroupViewController.swift */; };
		C28E2EB322392E7F00175556 /* designableButton.swift in Sources */ = {isa = PBXBuildFile; fileRef = C28E2EB222392E7F00175556 /* designableButton.swift */; };
		DC16C4E522DE022F00AE744A /* CustomMenuBarCell.swift in Sources */ = {isa = PBXBuildFile; fileRef = DC16C4E322DE022E00AE744A /* CustomMenuBarCell.swift */; };
		DC16C4E622DE022F00AE744A /* CustomMenuBarCell.xib in Resources */ = {isa = PBXBuildFile; fileRef = DC16C4E422DE022F00AE744A /* CustomMenuBarCell.xib */; };
		DCB6F55722DCA99500DC17C8 /* UseStoryboardViewController.swift in Sources */ = {isa = PBXBuildFile; fileRef = DCB6F55522DCA99500DC17C8 /* UseStoryboardViewController.swift */; };
		DCF4F28022F2D95E0023C7FB /* editGroupViewController.swift in Sources */ = {isa = PBXBuildFile; fileRef = DCF4F27F22F2D95E0023C7FB /* editGroupViewController.swift */; };
		DCF6271A22F19C9D00E129CD /* ReminderViewController.swift in Sources */ = {isa = PBXBuildFile; fileRef = DCF6271922F19C9D00E129CD /* ReminderViewController.swift */; };
		DCF9ABF92314218700105D65 /* popOverViewController.swift in Sources */ = {isa = PBXBuildFile; fileRef = DCF9ABF82314218700105D65 /* popOverViewController.swift */; };
		DCF9ABFB2314266E00105D65 /* popOverTableViewCell.swift in Sources */ = {isa = PBXBuildFile; fileRef = DCF9ABFA2314266E00105D65 /* popOverTableViewCell.swift */; };
		DCFEB92122E72CAB00824533 /* NewGroupViewController.swift in Sources */ = {isa = PBXBuildFile; fileRef = DCFEB92022E72CAB00824533 /* NewGroupViewController.swift */; };
		E2904A3C2294148900EEE096 /* LPRTableView.swift in Sources */ = {isa = PBXBuildFile; fileRef = E2904A3B2294148900EEE096 /* LPRTableView.swift */; };
		E2AF95062292A58100936F69 /* Ubuntu-B.ttf in Resources */ = {isa = PBXBuildFile; fileRef = E2AF95052292A43600936F69 /* Ubuntu-B.ttf */; };
		E2AF95082292C4B200936F69 /* editTaskViewController.swift in Sources */ = {isa = PBXBuildFile; fileRef = E2AF95072292C4B200936F69 /* editTaskViewController.swift */; };
		E2DF5F85224A629300EA0C09 /* groupsTableViewCell.swift in Sources */ = {isa = PBXBuildFile; fileRef = E2DF5F84224A629300EA0C09 /* groupsTableViewCell.swift */; };
		E2FA4BFF22B2588000E5AF34 /* ViewModel.swift in Sources */ = {isa = PBXBuildFile; fileRef = E2FA4BFE22B2588000E5AF34 /* ViewModel.swift */; };
		E2FA4C0422B25B0200E5AF34 /* AudioPlayerManager.swift in Sources */ = {isa = PBXBuildFile; fileRef = E2FA4C0022B25AFA00E5AF34 /* AudioPlayerManager.swift */; };
		E2FA4C0522B25B0200E5AF34 /* AudioRecorderManager.swift in Sources */ = {isa = PBXBuildFile; fileRef = E2FA4C0122B25AFD00E5AF34 /* AudioRecorderManager.swift */; };
		E2FA4C0622B25B0200E5AF34 /* AudioErrorType.swift in Sources */ = {isa = PBXBuildFile; fileRef = E2FA4C0222B25AFF00E5AF34 /* AudioErrorType.swift */; };
		E2FA4C0722B25B0200E5AF34 /* SoundWave+Helpers.swift in Sources */ = {isa = PBXBuildFile; fileRef = E2FA4C0322B25B0200E5AF34 /* SoundWave+Helpers.swift */; };
		F7D0357A5A8896C6D99F18DB /* Pods_HomeSpaceTests.framework in Frameworks */ = {isa = PBXBuildFile; fileRef = 615EE6464D8E9ADC05BD7D0A /* Pods_HomeSpaceTests.framework */; };
/* End PBXBuildFile section */

/* Begin PBXContainerItemProxy section */
		C267F516223920A600D7771F /* PBXContainerItemProxy */ = {
			isa = PBXContainerItemProxy;
			containerPortal = C267F4F9223920A400D7771F /* Project object */;
			proxyType = 1;
			remoteGlobalIDString = C267F500223920A400D7771F;
			remoteInfo = HomeSpace;
		};
		C267F521223920A600D7771F /* PBXContainerItemProxy */ = {
			isa = PBXContainerItemProxy;
			containerPortal = C267F4F9223920A400D7771F /* Project object */;
			proxyType = 1;
			remoteGlobalIDString = C267F500223920A400D7771F;
			remoteInfo = HomeSpace;
		};
/* End PBXContainerItemProxy section */

/* Begin PBXFileReference section */
		115AD55C5B9B055904023265 /* Pods-HomeSpace.debug.xcconfig */ = {isa = PBXFileReference; includeInIndex = 1; lastKnownFileType = text.xcconfig; name = "Pods-HomeSpace.debug.xcconfig"; path = "Pods/Target Support Files/Pods-HomeSpace/Pods-HomeSpace.debug.xcconfig"; sourceTree = "<group>"; };
		232603890BF9BF9387FCADDA /* Pods-HomeSpaceUITests.debug.xcconfig */ = {isa = PBXFileReference; includeInIndex = 1; lastKnownFileType = text.xcconfig; name = "Pods-HomeSpaceUITests.debug.xcconfig"; path = "Pods/Target Support Files/Pods-HomeSpaceUITests/Pods-HomeSpaceUITests.debug.xcconfig"; sourceTree = "<group>"; };
		273ADEA4F27DB9C81A0A10A7 /* Pods-HomeSpaceUITests.release.xcconfig */ = {isa = PBXFileReference; includeInIndex = 1; lastKnownFileType = text.xcconfig; name = "Pods-HomeSpaceUITests.release.xcconfig"; path = "Pods/Target Support Files/Pods-HomeSpaceUITests/Pods-HomeSpaceUITests.release.xcconfig"; sourceTree = "<group>"; };
		4A4A173C63466D1140D69724 /* Pods-HomeSpaceUITests.debug.xcconfig */ = {isa = PBXFileReference; includeInIndex = 1; lastKnownFileType = text.xcconfig; name = "Pods-HomeSpaceUITests.debug.xcconfig"; path = "Target Support Files/Pods-HomeSpaceUITests/Pods-HomeSpaceUITests.debug.xcconfig"; sourceTree = "<group>"; };
		4B0A4D7EE805A42106B4DC58 /* Pods-HomeSpace.release.xcconfig */ = {isa = PBXFileReference; includeInIndex = 1; lastKnownFileType = text.xcconfig; name = "Pods-HomeSpace.release.xcconfig"; path = "Pods/Target Support Files/Pods-HomeSpace/Pods-HomeSpace.release.xcconfig"; sourceTree = "<group>"; };
		53F9299AFE62181D7F1E0F61 /* Pods-HomeSpace.release.xcconfig */ = {isa = PBXFileReference; includeInIndex = 1; lastKnownFileType = text.xcconfig; name = "Pods-HomeSpace.release.xcconfig"; path = "Target Support Files/Pods-HomeSpace/Pods-HomeSpace.release.xcconfig"; sourceTree = "<group>"; };
		55CFAE3A0FE8C51FD14AAE2E /* Pods_HomeSpace.framework */ = {isa = PBXFileReference; explicitFileType = wrapper.framework; includeInIndex = 0; path = Pods_HomeSpace.framework; sourceTree = BUILT_PRODUCTS_DIR; };
		5A9673BEFF33C950491C855B /* Pods-HomeSpace.debug.xcconfig */ = {isa = PBXFileReference; includeInIndex = 1; lastKnownFileType = text.xcconfig; name = "Pods-HomeSpace.debug.xcconfig"; path = "Target Support Files/Pods-HomeSpace/Pods-HomeSpace.debug.xcconfig"; sourceTree = "<group>"; };
		615EE6464D8E9ADC05BD7D0A /* Pods_HomeSpaceTests.framework */ = {isa = PBXFileReference; explicitFileType = wrapper.framework; includeInIndex = 0; path = Pods_HomeSpaceTests.framework; sourceTree = BUILT_PRODUCTS_DIR; };
		84A6FCED226FA62D00C59149 /* GoogleService-Info.plist */ = {isa = PBXFileReference; fileEncoding = 4; lastKnownFileType = text.plist.xml; path = "GoogleService-Info.plist"; sourceTree = "<group>"; };
		937583AAC09932A6680CB808 /* Pods-HomeSpaceTests.debug.xcconfig */ = {isa = PBXFileReference; includeInIndex = 1; lastKnownFileType = text.xcconfig; name = "Pods-HomeSpaceTests.debug.xcconfig"; path = "Target Support Files/Pods-HomeSpaceTests/Pods-HomeSpaceTests.debug.xcconfig"; sourceTree = "<group>"; };
		B9CA4E11498A27B59AB3D72D /* Pods-HomeSpaceTests.release.xcconfig */ = {isa = PBXFileReference; includeInIndex = 1; lastKnownFileType = text.xcconfig; name = "Pods-HomeSpaceTests.release.xcconfig"; path = "Target Support Files/Pods-HomeSpaceTests/Pods-HomeSpaceTests.release.xcconfig"; sourceTree = "<group>"; };
		C25E60D0223A7B8100EE9AFE /* designableView.swift */ = {isa = PBXFileReference; fileEncoding = 4; lastKnownFileType = sourcecode.swift; path = designableView.swift; sourceTree = "<group>"; };
		C267F501223920A400D7771F /* HomeSpace.app */ = {isa = PBXFileReference; explicitFileType = wrapper.application; includeInIndex = 0; path = HomeSpace.app; sourceTree = BUILT_PRODUCTS_DIR; };
		C267F504223920A400D7771F /* AppDelegate.swift */ = {isa = PBXFileReference; lastKnownFileType = sourcecode.swift; path = AppDelegate.swift; sourceTree = "<group>"; };
		C267F506223920A400D7771F /* ViewController.swift */ = {isa = PBXFileReference; lastKnownFileType = sourcecode.swift; path = ViewController.swift; sourceTree = "<group>"; };
		C267F509223920A400D7771F /* Base */ = {isa = PBXFileReference; lastKnownFileType = file.storyboard; name = Base; path = Base.lproj/Main.storyboard; sourceTree = "<group>"; };
		C267F50B223920A600D7771F /* Assets.xcassets */ = {isa = PBXFileReference; lastKnownFileType = folder.assetcatalog; path = Assets.xcassets; sourceTree = "<group>"; };
		C267F50E223920A600D7771F /* Base */ = {isa = PBXFileReference; lastKnownFileType = file.storyboard; name = Base; path = Base.lproj/LaunchScreen.storyboard; sourceTree = "<group>"; };
		C267F510223920A600D7771F /* Info.plist */ = {isa = PBXFileReference; lastKnownFileType = text.plist.xml; path = Info.plist; sourceTree = "<group>"; };
		C267F515223920A600D7771F /* HomeSpaceTests.xctest */ = {isa = PBXFileReference; explicitFileType = wrapper.cfbundle; includeInIndex = 0; path = HomeSpaceTests.xctest; sourceTree = BUILT_PRODUCTS_DIR; };
		C267F519223920A600D7771F /* HomeSpaceTests.swift */ = {isa = PBXFileReference; lastKnownFileType = sourcecode.swift; path = HomeSpaceTests.swift; sourceTree = "<group>"; };
		C267F51B223920A600D7771F /* Info.plist */ = {isa = PBXFileReference; lastKnownFileType = text.plist.xml; path = Info.plist; sourceTree = "<group>"; };
		C267F520223920A600D7771F /* HomeSpaceUITests.xctest */ = {isa = PBXFileReference; explicitFileType = wrapper.cfbundle; includeInIndex = 0; path = HomeSpaceUITests.xctest; sourceTree = BUILT_PRODUCTS_DIR; };
		C267F524223920A600D7771F /* HomeSpaceUITests.swift */ = {isa = PBXFileReference; lastKnownFileType = sourcecode.swift; path = HomeSpaceUITests.swift; sourceTree = "<group>"; };
		C267F526223920A600D7771F /* Info.plist */ = {isa = PBXFileReference; lastKnownFileType = text.plist.xml; path = Info.plist; sourceTree = "<group>"; };
		C267F53222392B8D00D7771F /* addTaskViewController.swift */ = {isa = PBXFileReference; lastKnownFileType = sourcecode.swift; path = addTaskViewController.swift; sourceTree = "<group>"; };
		C289C5B522393DC10042C00D /* Task.swift */ = {isa = PBXFileReference; lastKnownFileType = sourcecode.swift; name = Task.swift; path = "../New Group/Task.swift"; sourceTree = "<group>"; };
		C289C5B722393F0D0042C00D /* taskManager.swift */ = {isa = PBXFileReference; lastKnownFileType = sourcecode.swift; path = taskManager.swift; sourceTree = "<group>"; };
		C289C5B9223945200042C00D /* tasksTableViewCell.swift */ = {isa = PBXFileReference; lastKnownFileType = sourcecode.swift; path = tasksTableViewCell.swift; sourceTree = "<group>"; };
		C28E2EB022392C1200175556 /* moveGroupViewController.swift */ = {isa = PBXFileReference; lastKnownFileType = sourcecode.swift; path = moveGroupViewController.swift; sourceTree = "<group>"; };
		C28E2EB222392E7F00175556 /* designableButton.swift */ = {isa = PBXFileReference; lastKnownFileType = sourcecode.swift; path = designableButton.swift; sourceTree = "<group>"; };
		D0EB2141CC7166790F93C2F3 /* Pods-HomeSpaceTests.debug.xcconfig */ = {isa = PBXFileReference; includeInIndex = 1; lastKnownFileType = text.xcconfig; name = "Pods-HomeSpaceTests.debug.xcconfig"; path = "Pods/Target Support Files/Pods-HomeSpaceTests/Pods-HomeSpaceTests.debug.xcconfig"; sourceTree = "<group>"; };
		D4B684BD99C1B611CCCE1352 /* Pods-HomeSpaceTests.release.xcconfig */ = {isa = PBXFileReference; includeInIndex = 1; lastKnownFileType = text.xcconfig; name = "Pods-HomeSpaceTests.release.xcconfig"; path = "Pods/Target Support Files/Pods-HomeSpaceTests/Pods-HomeSpaceTests.release.xcconfig"; sourceTree = "<group>"; };
		D6EBC693928EE0DBE87893C2 /* Pods-HomeSpaceUITests.release.xcconfig */ = {isa = PBXFileReference; includeInIndex = 1; lastKnownFileType = text.xcconfig; name = "Pods-HomeSpaceUITests.release.xcconfig"; path = "Target Support Files/Pods-HomeSpaceUITests/Pods-HomeSpaceUITests.release.xcconfig"; sourceTree = "<group>"; };
		DC16C4E322DE022E00AE744A /* CustomMenuBarCell.swift */ = {isa = PBXFileReference; fileEncoding = 4; lastKnownFileType = sourcecode.swift; path = CustomMenuBarCell.swift; sourceTree = "<group>"; };
		DC16C4E422DE022F00AE744A /* CustomMenuBarCell.xib */ = {isa = PBXFileReference; fileEncoding = 4; lastKnownFileType = file.xib; path = CustomMenuBarCell.xib; sourceTree = "<group>"; };
		DCB6F55522DCA99500DC17C8 /* UseStoryboardViewController.swift */ = {isa = PBXFileReference; fileEncoding = 4; lastKnownFileType = sourcecode.swift; path = UseStoryboardViewController.swift; sourceTree = "<group>"; };
		DCF4F27F22F2D95E0023C7FB /* editGroupViewController.swift */ = {isa = PBXFileReference; lastKnownFileType = sourcecode.swift; path = editGroupViewController.swift; sourceTree = "<group>"; };
		DCF6271922F19C9D00E129CD /* ReminderViewController.swift */ = {isa = PBXFileReference; lastKnownFileType = sourcecode.swift; path = ReminderViewController.swift; sourceTree = "<group>"; };
		DCF9ABF82314218700105D65 /* popOverViewController.swift */ = {isa = PBXFileReference; lastKnownFileType = sourcecode.swift; path = popOverViewController.swift; sourceTree = "<group>"; };
		DCF9ABFA2314266E00105D65 /* popOverTableViewCell.swift */ = {isa = PBXFileReference; lastKnownFileType = sourcecode.swift; path = popOverTableViewCell.swift; sourceTree = "<group>"; };
		DCFEB92022E72CAB00824533 /* NewGroupViewController.swift */ = {isa = PBXFileReference; lastKnownFileType = sourcecode.swift; path = NewGroupViewController.swift; sourceTree = "<group>"; };
		E21DC12D22B130A3002CF7E1 /* HomeSpace-Bridging-Header.h */ = {isa = PBXFileReference; lastKnownFileType = sourcecode.c.h; path = "HomeSpace-Bridging-Header.h"; sourceTree = "<group>"; };
		E2904A3B2294148900EEE096 /* LPRTableView.swift */ = {isa = PBXFileReference; fileEncoding = 4; lastKnownFileType = sourcecode.swift; path = LPRTableView.swift; sourceTree = "<group>"; };
		E2AF95052292A43600936F69 /* Ubuntu-B.ttf */ = {isa = PBXFileReference; lastKnownFileType = file; path = "Ubuntu-B.ttf"; sourceTree = "<group>"; };
		E2AF95072292C4B200936F69 /* editTaskViewController.swift */ = {isa = PBXFileReference; lastKnownFileType = sourcecode.swift; path = editTaskViewController.swift; sourceTree = "<group>"; };
		E2DF5F84224A629300EA0C09 /* groupsTableViewCell.swift */ = {isa = PBXFileReference; lastKnownFileType = sourcecode.swift; path = groupsTableViewCell.swift; sourceTree = "<group>"; };
		E2FA4BFE22B2588000E5AF34 /* ViewModel.swift */ = {isa = PBXFileReference; fileEncoding = 4; lastKnownFileType = sourcecode.swift; path = ViewModel.swift; sourceTree = "<group>"; };
		E2FA4C0022B25AFA00E5AF34 /* AudioPlayerManager.swift */ = {isa = PBXFileReference; fileEncoding = 4; lastKnownFileType = sourcecode.swift; path = AudioPlayerManager.swift; sourceTree = "<group>"; };
		E2FA4C0122B25AFD00E5AF34 /* AudioRecorderManager.swift */ = {isa = PBXFileReference; fileEncoding = 4; lastKnownFileType = sourcecode.swift; path = AudioRecorderManager.swift; sourceTree = "<group>"; };
		E2FA4C0222B25AFF00E5AF34 /* AudioErrorType.swift */ = {isa = PBXFileReference; fileEncoding = 4; lastKnownFileType = sourcecode.swift; path = AudioErrorType.swift; sourceTree = "<group>"; };
		E2FA4C0322B25B0200E5AF34 /* SoundWave+Helpers.swift */ = {isa = PBXFileReference; fileEncoding = 4; lastKnownFileType = sourcecode.swift; path = "SoundWave+Helpers.swift"; sourceTree = "<group>"; };
		E5DC2273CFF1FA4006E954F0 /* Pods_HomeSpaceUITests.framework */ = {isa = PBXFileReference; explicitFileType = wrapper.framework; includeInIndex = 0; path = Pods_HomeSpaceUITests.framework; sourceTree = BUILT_PRODUCTS_DIR; };
/* End PBXFileReference section */

/* Begin PBXFrameworksBuildPhase section */
		C267F4FE223920A400D7771F /* Frameworks */ = {
			isa = PBXFrameworksBuildPhase;
			buildActionMask = 2147483647;
			files = (
				9A37E1FC0F00AE0B50AC81C1 /* Pods_HomeSpace.framework in Frameworks */,
			);
			runOnlyForDeploymentPostprocessing = 0;
		};
		C267F512223920A600D7771F /* Frameworks */ = {
			isa = PBXFrameworksBuildPhase;
			buildActionMask = 2147483647;
			files = (
				F7D0357A5A8896C6D99F18DB /* Pods_HomeSpaceTests.framework in Frameworks */,
			);
			runOnlyForDeploymentPostprocessing = 0;
		};
		C267F51D223920A600D7771F /* Frameworks */ = {
			isa = PBXFrameworksBuildPhase;
			buildActionMask = 2147483647;
			files = (
				7495B6866E83E1BD3B595F90 /* Pods_HomeSpaceUITests.framework in Frameworks */,
			);
			runOnlyForDeploymentPostprocessing = 0;
		};
/* End PBXFrameworksBuildPhase section */

/* Begin PBXGroup section */
		656B0BC9A0946FBF1DCA483B /* Frameworks */ = {
			isa = PBXGroup;
			children = (
				55CFAE3A0FE8C51FD14AAE2E /* Pods_HomeSpace.framework */,
				615EE6464D8E9ADC05BD7D0A /* Pods_HomeSpaceTests.framework */,
				E5DC2273CFF1FA4006E954F0 /* Pods_HomeSpaceUITests.framework */,
			);
			name = Frameworks;
			sourceTree = "<group>";
		};
		8D282AFF3ED8D1B74425421B /* Pods */ = {
			isa = PBXGroup;
			children = (
				5A9673BEFF33C950491C855B /* Pods-HomeSpace.debug.xcconfig */,
				53F9299AFE62181D7F1E0F61 /* Pods-HomeSpace.release.xcconfig */,
				937583AAC09932A6680CB808 /* Pods-HomeSpaceTests.debug.xcconfig */,
				B9CA4E11498A27B59AB3D72D /* Pods-HomeSpaceTests.release.xcconfig */,
				4A4A173C63466D1140D69724 /* Pods-HomeSpaceUITests.debug.xcconfig */,
				D6EBC693928EE0DBE87893C2 /* Pods-HomeSpaceUITests.release.xcconfig */,
				115AD55C5B9B055904023265 /* Pods-HomeSpace.debug.xcconfig */,
				4B0A4D7EE805A42106B4DC58 /* Pods-HomeSpace.release.xcconfig */,
				D0EB2141CC7166790F93C2F3 /* Pods-HomeSpaceTests.debug.xcconfig */,
				D4B684BD99C1B611CCCE1352 /* Pods-HomeSpaceTests.release.xcconfig */,
				232603890BF9BF9387FCADDA /* Pods-HomeSpaceUITests.debug.xcconfig */,
				273ADEA4F27DB9C81A0A10A7 /* Pods-HomeSpaceUITests.release.xcconfig */,
			);
			path = Pods;
			sourceTree = "<group>";
		};
		C267F4F8223920A400D7771F = {
			isa = PBXGroup;
			children = (
				C267F503223920A400D7771F /* HomeSpace */,
				C267F518223920A600D7771F /* HomeSpaceTests */,
				C267F523223920A600D7771F /* HomeSpaceUITests */,
				C267F502223920A400D7771F /* Products */,
				8D282AFF3ED8D1B74425421B /* Pods */,
				656B0BC9A0946FBF1DCA483B /* Frameworks */,
			);
			sourceTree = "<group>";
		};
		C267F502223920A400D7771F /* Products */ = {
			isa = PBXGroup;
			children = (
				C267F501223920A400D7771F /* HomeSpace.app */,
				C267F515223920A600D7771F /* HomeSpaceTests.xctest */,
				C267F520223920A600D7771F /* HomeSpaceUITests.xctest */,
			);
			name = Products;
			sourceTree = "<group>";
		};
		C267F503223920A400D7771F /* HomeSpace */ = {
			isa = PBXGroup;
			children = (
				DC12BBC422E71D8700A61C6D /* Model */,
				DC12BBC322E71D4400A61C6D /* Views */,
				DC12BBBF22E71B1500A61C6D /* ViewCntrollers */,
				DC12BBC022E71B9300A61C6D /* ViewControllerCells */,
				DC12BBC122E71BDB00A61C6D /* DesignControllers */,
				DC12BBC222E71C4400A61C6D /* Supporting Files */,
				C267F504223920A400D7771F /* AppDelegate.swift */,
				C267F50B223920A600D7771F /* Assets.xcassets */,
				C267F510223920A600D7771F /* Info.plist */,
				84A6FCED226FA62D00C59149 /* GoogleService-Info.plist */,
				E21DC12D22B130A3002CF7E1 /* HomeSpace-Bridging-Header.h */,
			);
			path = HomeSpace;
			sourceTree = "<group>";
		};
		C267F518223920A600D7771F /* HomeSpaceTests */ = {
			isa = PBXGroup;
			children = (
				C267F519223920A600D7771F /* HomeSpaceTests.swift */,
				C267F51B223920A600D7771F /* Info.plist */,
			);
			path = HomeSpaceTests;
			sourceTree = "<group>";
		};
		C267F523223920A600D7771F /* HomeSpaceUITests */ = {
			isa = PBXGroup;
			children = (
				C267F524223920A600D7771F /* HomeSpaceUITests.swift */,
				C267F526223920A600D7771F /* Info.plist */,
			);
			path = HomeSpaceUITests;
			sourceTree = "<group>";
		};
		DC12BBBF22E71B1500A61C6D /* ViewCntrollers */ = {
			isa = PBXGroup;
			children = (
				C267F506223920A400D7771F /* ViewController.swift */,
				C267F53222392B8D00D7771F /* addTaskViewController.swift */,
				E2AF95072292C4B200936F69 /* editTaskViewController.swift */,
				C28E2EB022392C1200175556 /* moveGroupViewController.swift */,
				DCFEB92022E72CAB00824533 /* NewGroupViewController.swift */,
				DCF6271922F19C9D00E129CD /* ReminderViewController.swift */,
				DCF4F27F22F2D95E0023C7FB /* editGroupViewController.swift */,
				DCF9ABF82314218700105D65 /* popOverViewController.swift */,
			);
			path = ViewCntrollers;
			sourceTree = "<group>";
		};
		DC12BBC022E71B9300A61C6D /* ViewControllerCells */ = {
			isa = PBXGroup;
			children = (
				C289C5B9223945200042C00D /* tasksTableViewCell.swift */,
				DC16C4E322DE022E00AE744A /* CustomMenuBarCell.swift */,
				E2DF5F84224A629300EA0C09 /* groupsTableViewCell.swift */,
				DCF9ABFA2314266E00105D65 /* popOverTableViewCell.swift */,
			);
			path = ViewControllerCells;
			sourceTree = "<group>";
		};
		DC12BBC122E71BDB00A61C6D /* DesignControllers */ = {
			isa = PBXGroup;
			children = (
				E2AF95052292A43600936F69 /* Ubuntu-B.ttf */,
				DCB6F55522DCA99500DC17C8 /* UseStoryboardViewController.swift */,
				E2904A3B2294148900EEE096 /* LPRTableView.swift */,
				C28E2EB222392E7F00175556 /* designableButton.swift */,
				C25E60D0223A7B8100EE9AFE /* designableView.swift */,
			);
			path = DesignControllers;
			sourceTree = "<group>";
		};
		DC12BBC222E71C4400A61C6D /* Supporting Files */ = {
			isa = PBXGroup;
			children = (
				E2FA4C0222B25AFF00E5AF34 /* AudioErrorType.swift */,
				E2FA4C0022B25AFA00E5AF34 /* AudioPlayerManager.swift */,
				E2FA4C0122B25AFD00E5AF34 /* AudioRecorderManager.swift */,
				E2FA4C0322B25B0200E5AF34 /* SoundWave+Helpers.swift */,
			);
			path = "Supporting Files";
			sourceTree = "<group>";
		};
		DC12BBC322E71D4400A61C6D /* Views */ = {
			isa = PBXGroup;
			children = (
				DC16C4E422DE022F00AE744A /* CustomMenuBarCell.xib */,
				C267F508223920A400D7771F /* Main.storyboard */,
				C267F50D223920A600D7771F /* LaunchScreen.storyboard */,
			);
			path = Views;
			sourceTree = "<group>";
		};
		DC12BBC422E71D8700A61C6D /* Model */ = {
			isa = PBXGroup;
			children = (
				E2FA4BFE22B2588000E5AF34 /* ViewModel.swift */,
				C289C5B522393DC10042C00D /* Task.swift */,
				C289C5B722393F0D0042C00D /* taskManager.swift */,
			);
			path = Model;
			sourceTree = "<group>";
		};
/* End PBXGroup section */

/* Begin PBXNativeTarget section */
		C267F500223920A400D7771F /* HomeSpace */ = {
			isa = PBXNativeTarget;
			buildConfigurationList = C267F529223920A600D7771F /* Build configuration list for PBXNativeTarget "HomeSpace" */;
			buildPhases = (
				44AEDF23A792F8899D3363D9 /* [CP] Check Pods Manifest.lock */,
				C267F4FD223920A400D7771F /* Sources */,
				C267F4FE223920A400D7771F /* Frameworks */,
				C267F4FF223920A400D7771F /* Resources */,
				12BE3B1BA6448FC85ECC28BC /* [CP] Embed Pods Frameworks */,
			);
			buildRules = (
			);
			dependencies = (
			);
			name = HomeSpace;
			productName = HomeSpace;
			productReference = C267F501223920A400D7771F /* HomeSpace.app */;
			productType = "com.apple.product-type.application";
		};
		C267F514223920A600D7771F /* HomeSpaceTests */ = {
			isa = PBXNativeTarget;
			buildConfigurationList = C267F52C223920A600D7771F /* Build configuration list for PBXNativeTarget "HomeSpaceTests" */;
			buildPhases = (
				6479B1111D1802E452F67B65 /* [CP] Check Pods Manifest.lock */,
				C267F511223920A600D7771F /* Sources */,
				C267F512223920A600D7771F /* Frameworks */,
				C267F513223920A600D7771F /* Resources */,
			);
			buildRules = (
			);
			dependencies = (
				C267F517223920A600D7771F /* PBXTargetDependency */,
			);
			name = HomeSpaceTests;
			productName = HomeSpaceTests;
			productReference = C267F515223920A600D7771F /* HomeSpaceTests.xctest */;
			productType = "com.apple.product-type.bundle.unit-test";
		};
		C267F51F223920A600D7771F /* HomeSpaceUITests */ = {
			isa = PBXNativeTarget;
			buildConfigurationList = C267F52F223920A600D7771F /* Build configuration list for PBXNativeTarget "HomeSpaceUITests" */;
			buildPhases = (
				69327A1340AF1699DBB260E3 /* [CP] Check Pods Manifest.lock */,
				C267F51C223920A600D7771F /* Sources */,
				C267F51D223920A600D7771F /* Frameworks */,
				C267F51E223920A600D7771F /* Resources */,
			);
			buildRules = (
			);
			dependencies = (
				C267F522223920A600D7771F /* PBXTargetDependency */,
			);
			name = HomeSpaceUITests;
			productName = HomeSpaceUITests;
			productReference = C267F520223920A600D7771F /* HomeSpaceUITests.xctest */;
			productType = "com.apple.product-type.bundle.ui-testing";
		};
/* End PBXNativeTarget section */

/* Begin PBXProject section */
		C267F4F9223920A400D7771F /* Project object */ = {
			isa = PBXProject;
			attributes = {
				LastSwiftUpdateCheck = 1010;
				LastUpgradeCheck = 1010;
				ORGANIZATIONNAME = MohammadAli;
				TargetAttributes = {
					C267F500223920A400D7771F = {
						CreatedOnToolsVersion = 10.1;
						LastSwiftMigration = 1010;
					};
					C267F514223920A600D7771F = {
						CreatedOnToolsVersion = 10.1;
						TestTargetID = C267F500223920A400D7771F;
					};
					C267F51F223920A600D7771F = {
						CreatedOnToolsVersion = 10.1;
						TestTargetID = C267F500223920A400D7771F;
					};
				};
			};
			buildConfigurationList = C267F4FC223920A400D7771F /* Build configuration list for PBXProject "HomeSpace" */;
			compatibilityVersion = "Xcode 9.3";
			developmentRegion = en;
			hasScannedForEncodings = 0;
			knownRegions = (
				en,
				Base,
			);
			mainGroup = C267F4F8223920A400D7771F;
			productRefGroup = C267F502223920A400D7771F /* Products */;
			projectDirPath = "";
			projectRoot = "";
			targets = (
				C267F500223920A400D7771F /* HomeSpace */,
				C267F514223920A600D7771F /* HomeSpaceTests */,
				C267F51F223920A600D7771F /* HomeSpaceUITests */,
			);
		};
/* End PBXProject section */

/* Begin PBXResourcesBuildPhase section */
		C267F4FF223920A400D7771F /* Resources */ = {
			isa = PBXResourcesBuildPhase;
			buildActionMask = 2147483647;
			files = (
				C267F50F223920A600D7771F /* LaunchScreen.storyboard in Resources */,
				E2AF95062292A58100936F69 /* Ubuntu-B.ttf in Resources */,
				84A6FCEE226FA62D00C59149 /* GoogleService-Info.plist in Resources */,
				C267F50C223920A600D7771F /* Assets.xcassets in Resources */,
				C267F50A223920A400D7771F /* Main.storyboard in Resources */,
				DC16C4E622DE022F00AE744A /* CustomMenuBarCell.xib in Resources */,
			);
			runOnlyForDeploymentPostprocessing = 0;
		};
		C267F513223920A600D7771F /* Resources */ = {
			isa = PBXResourcesBuildPhase;
			buildActionMask = 2147483647;
			files = (
			);
			runOnlyForDeploymentPostprocessing = 0;
		};
		C267F51E223920A600D7771F /* Resources */ = {
			isa = PBXResourcesBuildPhase;
			buildActionMask = 2147483647;
			files = (
			);
			runOnlyForDeploymentPostprocessing = 0;
		};
/* End PBXResourcesBuildPhase section */

/* Begin PBXShellScriptBuildPhase section */
		12BE3B1BA6448FC85ECC28BC /* [CP] Embed Pods Frameworks */ = {
			isa = PBXShellScriptBuildPhase;
			buildActionMask = 2147483647;
			files = (
			);
			inputFileListPaths = (
				"${PODS_ROOT}/Target Support Files/Pods-HomeSpace/Pods-HomeSpace-frameworks-${CONFIGURATION}-input-files.xcfilelist",
			);
			name = "[CP] Embed Pods Frameworks";
			outputFileListPaths = (
				"${PODS_ROOT}/Target Support Files/Pods-HomeSpace/Pods-HomeSpace-frameworks-${CONFIGURATION}-output-files.xcfilelist",
			);
			runOnlyForDeploymentPostprocessing = 0;
			shellPath = /bin/sh;
			shellScript = "\"${PODS_ROOT}/Target Support Files/Pods-HomeSpace/Pods-HomeSpace-frameworks.sh\"\n";
			showEnvVarsInLog = 0;
		};
		44AEDF23A792F8899D3363D9 /* [CP] Check Pods Manifest.lock */ = {
			isa = PBXShellScriptBuildPhase;
			buildActionMask = 2147483647;
			files = (
			);
			inputPaths = (
				"${PODS_PODFILE_DIR_PATH}/Podfile.lock",
				"${PODS_ROOT}/Manifest.lock",
			);
			name = "[CP] Check Pods Manifest.lock";
			outputPaths = (
				"$(DERIVED_FILE_DIR)/Pods-HomeSpace-checkManifestLockResult.txt",
			);
			runOnlyForDeploymentPostprocessing = 0;
			shellPath = /bin/sh;
			shellScript = "diff \"${PODS_PODFILE_DIR_PATH}/Podfile.lock\" \"${PODS_ROOT}/Manifest.lock\" > /dev/null\nif [ $? != 0 ] ; then\n    # print error to STDERR\n    echo \"error: The sandbox is not in sync with the Podfile.lock. Run 'pod install' or update your CocoaPods installation.\" >&2\n    exit 1\nfi\n# This output is used by Xcode 'outputs' to avoid re-running this script phase.\necho \"SUCCESS\" > \"${SCRIPT_OUTPUT_FILE_0}\"\n";
			showEnvVarsInLog = 0;
		};
		6479B1111D1802E452F67B65 /* [CP] Check Pods Manifest.lock */ = {
			isa = PBXShellScriptBuildPhase;
			buildActionMask = 2147483647;
			files = (
			);
			inputPaths = (
				"${PODS_PODFILE_DIR_PATH}/Podfile.lock",
				"${PODS_ROOT}/Manifest.lock",
			);
			name = "[CP] Check Pods Manifest.lock";
			outputPaths = (
				"$(DERIVED_FILE_DIR)/Pods-HomeSpaceTests-checkManifestLockResult.txt",
			);
			runOnlyForDeploymentPostprocessing = 0;
			shellPath = /bin/sh;
			shellScript = "diff \"${PODS_PODFILE_DIR_PATH}/Podfile.lock\" \"${PODS_ROOT}/Manifest.lock\" > /dev/null\nif [ $? != 0 ] ; then\n    # print error to STDERR\n    echo \"error: The sandbox is not in sync with the Podfile.lock. Run 'pod install' or update your CocoaPods installation.\" >&2\n    exit 1\nfi\n# This output is used by Xcode 'outputs' to avoid re-running this script phase.\necho \"SUCCESS\" > \"${SCRIPT_OUTPUT_FILE_0}\"\n";
			showEnvVarsInLog = 0;
		};
		69327A1340AF1699DBB260E3 /* [CP] Check Pods Manifest.lock */ = {
			isa = PBXShellScriptBuildPhase;
			buildActionMask = 2147483647;
			files = (
			);
			inputPaths = (
				"${PODS_PODFILE_DIR_PATH}/Podfile.lock",
				"${PODS_ROOT}/Manifest.lock",
			);
			name = "[CP] Check Pods Manifest.lock";
			outputPaths = (
				"$(DERIVED_FILE_DIR)/Pods-HomeSpaceUITests-checkManifestLockResult.txt",
			);
			runOnlyForDeploymentPostprocessing = 0;
			shellPath = /bin/sh;
			shellScript = "diff \"${PODS_PODFILE_DIR_PATH}/Podfile.lock\" \"${PODS_ROOT}/Manifest.lock\" > /dev/null\nif [ $? != 0 ] ; then\n    # print error to STDERR\n    echo \"error: The sandbox is not in sync with the Podfile.lock. Run 'pod install' or update your CocoaPods installation.\" >&2\n    exit 1\nfi\n# This output is used by Xcode 'outputs' to avoid re-running this script phase.\necho \"SUCCESS\" > \"${SCRIPT_OUTPUT_FILE_0}\"\n";
			showEnvVarsInLog = 0;
		};
/* End PBXShellScriptBuildPhase section */

/* Begin PBXSourcesBuildPhase section */
		C267F4FD223920A400D7771F /* Sources */ = {
			isa = PBXSourcesBuildPhase;
			buildActionMask = 2147483647;
			files = (
				C289C5B822393F0D0042C00D /* taskManager.swift in Sources */,
				E2FA4C0422B25B0200E5AF34 /* AudioPlayerManager.swift in Sources */,
				DCF6271A22F19C9D00E129CD /* ReminderViewController.swift in Sources */,
				DCF9ABFB2314266E00105D65 /* popOverTableViewCell.swift in Sources */,
				DC16C4E522DE022F00AE744A /* CustomMenuBarCell.swift in Sources */,
				E2DF5F85224A629300EA0C09 /* groupsTableViewCell.swift in Sources */,
				E2904A3C2294148900EEE096 /* LPRTableView.swift in Sources */,
				DCFEB92122E72CAB00824533 /* NewGroupViewController.swift in Sources */,
				C25E60D1223A7B8100EE9AFE /* designableView.swift in Sources */,
				C267F53322392B8D00D7771F /* addTaskViewController.swift in Sources */,
				E2FA4BFF22B2588000E5AF34 /* ViewModel.swift in Sources */,
				E2FA4C0522B25B0200E5AF34 /* AudioRecorderManager.swift in Sources */,
				C28E2EB322392E7F00175556 /* designableButton.swift in Sources */,
				DCF4F28022F2D95E0023C7FB /* editGroupViewController.swift in Sources */,
				C267F507223920A400D7771F /* ViewController.swift in Sources */,
				DCB6F55722DCA99500DC17C8 /* UseStoryboardViewController.swift in Sources */,
				C289C5BA223945200042C00D /* tasksTableViewCell.swift in Sources */,
				E2FA4C0722B25B0200E5AF34 /* SoundWave+Helpers.swift in Sources */,
				C267F505223920A400D7771F /* AppDelegate.swift in Sources */,
				C289C5B622393DC10042C00D /* Task.swift in Sources */,
				C28E2EB122392C1200175556 /* moveGroupViewController.swift in Sources */,
				E2AF95082292C4B200936F69 /* editTaskViewController.swift in Sources */,
				E2FA4C0622B25B0200E5AF34 /* AudioErrorType.swift in Sources */,
				DCF9ABF92314218700105D65 /* popOverViewController.swift in Sources */,
			);
			runOnlyForDeploymentPostprocessing = 0;
		};
		C267F511223920A600D7771F /* Sources */ = {
			isa = PBXSourcesBuildPhase;
			buildActionMask = 2147483647;
			files = (
				C267F51A223920A600D7771F /* HomeSpaceTests.swift in Sources */,
			);
			runOnlyForDeploymentPostprocessing = 0;
		};
		C267F51C223920A600D7771F /* Sources */ = {
			isa = PBXSourcesBuildPhase;
			buildActionMask = 2147483647;
			files = (
				C267F525223920A600D7771F /* HomeSpaceUITests.swift in Sources */,
			);
			runOnlyForDeploymentPostprocessing = 0;
		};
/* End PBXSourcesBuildPhase section */

/* Begin PBXTargetDependency section */
		C267F517223920A600D7771F /* PBXTargetDependency */ = {
			isa = PBXTargetDependency;
			target = C267F500223920A400D7771F /* HomeSpace */;
			targetProxy = C267F516223920A600D7771F /* PBXContainerItemProxy */;
		};
		C267F522223920A600D7771F /* PBXTargetDependency */ = {
			isa = PBXTargetDependency;
			target = C267F500223920A400D7771F /* HomeSpace */;
			targetProxy = C267F521223920A600D7771F /* PBXContainerItemProxy */;
		};
/* End PBXTargetDependency section */

/* Begin PBXVariantGroup section */
		C267F508223920A400D7771F /* Main.storyboard */ = {
			isa = PBXVariantGroup;
			children = (
				C267F509223920A400D7771F /* Base */,
			);
			name = Main.storyboard;
			sourceTree = "<group>";
		};
		C267F50D223920A600D7771F /* LaunchScreen.storyboard */ = {
			isa = PBXVariantGroup;
			children = (
				C267F50E223920A600D7771F /* Base */,
			);
			name = LaunchScreen.storyboard;
			sourceTree = "<group>";
		};
/* End PBXVariantGroup section */

/* Begin XCBuildConfiguration section */
		C267F527223920A600D7771F /* Debug */ = {
			isa = XCBuildConfiguration;
			buildSettings = {
				ALWAYS_SEARCH_USER_PATHS = NO;
				CLANG_ANALYZER_NONNULL = YES;
				CLANG_ANALYZER_NUMBER_OBJECT_CONVERSION = YES_AGGRESSIVE;
				CLANG_CXX_LANGUAGE_STANDARD = "gnu++14";
				CLANG_CXX_LIBRARY = "libc++";
				CLANG_ENABLE_MODULES = YES;
				CLANG_ENABLE_OBJC_ARC = YES;
				CLANG_ENABLE_OBJC_WEAK = YES;
				CLANG_WARN_BLOCK_CAPTURE_AUTORELEASING = YES;
				CLANG_WARN_BOOL_CONVERSION = YES;
				CLANG_WARN_COMMA = YES;
				CLANG_WARN_CONSTANT_CONVERSION = YES;
				CLANG_WARN_DEPRECATED_OBJC_IMPLEMENTATIONS = YES;
				CLANG_WARN_DIRECT_OBJC_ISA_USAGE = YES_ERROR;
				CLANG_WARN_DOCUMENTATION_COMMENTS = YES;
				CLANG_WARN_EMPTY_BODY = YES;
				CLANG_WARN_ENUM_CONVERSION = YES;
				CLANG_WARN_INFINITE_RECURSION = YES;
				CLANG_WARN_INT_CONVERSION = YES;
				CLANG_WARN_NON_LITERAL_NULL_CONVERSION = YES;
				CLANG_WARN_OBJC_IMPLICIT_RETAIN_SELF = YES;
				CLANG_WARN_OBJC_LITERAL_CONVERSION = YES;
				CLANG_WARN_OBJC_ROOT_CLASS = YES_ERROR;
				CLANG_WARN_RANGE_LOOP_ANALYSIS = YES;
				CLANG_WARN_STRICT_PROTOTYPES = YES;
				CLANG_WARN_SUSPICIOUS_MOVE = YES;
				CLANG_WARN_UNGUARDED_AVAILABILITY = YES_AGGRESSIVE;
				CLANG_WARN_UNREACHABLE_CODE = YES;
				CLANG_WARN__DUPLICATE_METHOD_MATCH = YES;
				CODE_SIGN_IDENTITY = "iPhone Developer";
				COPY_PHASE_STRIP = NO;
				DEBUG_INFORMATION_FORMAT = dwarf;
				ENABLE_STRICT_OBJC_MSGSEND = YES;
				ENABLE_TESTABILITY = YES;
				GCC_C_LANGUAGE_STANDARD = gnu11;
				GCC_DYNAMIC_NO_PIC = NO;
				GCC_NO_COMMON_BLOCKS = YES;
				GCC_OPTIMIZATION_LEVEL = 0;
				GCC_PREPROCESSOR_DEFINITIONS = (
					"DEBUG=1",
					"$(inherited)",
				);
				GCC_WARN_64_TO_32_BIT_CONVERSION = YES;
				GCC_WARN_ABOUT_RETURN_TYPE = YES_ERROR;
				GCC_WARN_UNDECLARED_SELECTOR = YES;
				GCC_WARN_UNINITIALIZED_AUTOS = YES_AGGRESSIVE;
				GCC_WARN_UNUSED_FUNCTION = YES;
				GCC_WARN_UNUSED_VARIABLE = YES;
				IPHONEOS_DEPLOYMENT_TARGET = 12.1;
				MTL_ENABLE_DEBUG_INFO = INCLUDE_SOURCE;
				MTL_FAST_MATH = YES;
				ONLY_ACTIVE_ARCH = YES;
				SDKROOT = iphoneos;
				SWIFT_ACTIVE_COMPILATION_CONDITIONS = DEBUG;
				SWIFT_OPTIMIZATION_LEVEL = "-Onone";
			};
			name = Debug;
		};
		C267F528223920A600D7771F /* Release */ = {
			isa = XCBuildConfiguration;
			buildSettings = {
				ALWAYS_SEARCH_USER_PATHS = NO;
				CLANG_ANALYZER_NONNULL = YES;
				CLANG_ANALYZER_NUMBER_OBJECT_CONVERSION = YES_AGGRESSIVE;
				CLANG_CXX_LANGUAGE_STANDARD = "gnu++14";
				CLANG_CXX_LIBRARY = "libc++";
				CLANG_ENABLE_MODULES = YES;
				CLANG_ENABLE_OBJC_ARC = YES;
				CLANG_ENABLE_OBJC_WEAK = YES;
				CLANG_WARN_BLOCK_CAPTURE_AUTORELEASING = YES;
				CLANG_WARN_BOOL_CONVERSION = YES;
				CLANG_WARN_COMMA = YES;
				CLANG_WARN_CONSTANT_CONVERSION = YES;
				CLANG_WARN_DEPRECATED_OBJC_IMPLEMENTATIONS = YES;
				CLANG_WARN_DIRECT_OBJC_ISA_USAGE = YES_ERROR;
				CLANG_WARN_DOCUMENTATION_COMMENTS = YES;
				CLANG_WARN_EMPTY_BODY = YES;
				CLANG_WARN_ENUM_CONVERSION = YES;
				CLANG_WARN_INFINITE_RECURSION = YES;
				CLANG_WARN_INT_CONVERSION = YES;
				CLANG_WARN_NON_LITERAL_NULL_CONVERSION = YES;
				CLANG_WARN_OBJC_IMPLICIT_RETAIN_SELF = YES;
				CLANG_WARN_OBJC_LITERAL_CONVERSION = YES;
				CLANG_WARN_OBJC_ROOT_CLASS = YES_ERROR;
				CLANG_WARN_RANGE_LOOP_ANALYSIS = YES;
				CLANG_WARN_STRICT_PROTOTYPES = YES;
				CLANG_WARN_SUSPICIOUS_MOVE = YES;
				CLANG_WARN_UNGUARDED_AVAILABILITY = YES_AGGRESSIVE;
				CLANG_WARN_UNREACHABLE_CODE = YES;
				CLANG_WARN__DUPLICATE_METHOD_MATCH = YES;
				CODE_SIGN_IDENTITY = "iPhone Developer";
				COPY_PHASE_STRIP = NO;
				DEBUG_INFORMATION_FORMAT = "dwarf-with-dsym";
				ENABLE_NS_ASSERTIONS = NO;
				ENABLE_STRICT_OBJC_MSGSEND = YES;
				GCC_C_LANGUAGE_STANDARD = gnu11;
				GCC_NO_COMMON_BLOCKS = YES;
				GCC_WARN_64_TO_32_BIT_CONVERSION = YES;
				GCC_WARN_ABOUT_RETURN_TYPE = YES_ERROR;
				GCC_WARN_UNDECLARED_SELECTOR = YES;
				GCC_WARN_UNINITIALIZED_AUTOS = YES_AGGRESSIVE;
				GCC_WARN_UNUSED_FUNCTION = YES;
				GCC_WARN_UNUSED_VARIABLE = YES;
				IPHONEOS_DEPLOYMENT_TARGET = 12.1;
				MTL_ENABLE_DEBUG_INFO = NO;
				MTL_FAST_MATH = YES;
				SDKROOT = iphoneos;
				SWIFT_COMPILATION_MODE = wholemodule;
				SWIFT_OPTIMIZATION_LEVEL = "-O";
				VALIDATE_PRODUCT = YES;
			};
			name = Release;
		};
		C267F52A223920A600D7771F /* Debug */ = {
			isa = XCBuildConfiguration;
			baseConfigurationReference = 5A9673BEFF33C950491C855B /* Pods-HomeSpace.debug.xcconfig */;
			buildSettings = {
				ASSETCATALOG_COMPILER_APPICON_NAME = AppIcon;
				CLANG_ENABLE_MODULES = YES;
				CODE_SIGN_IDENTITY = "iPhone Developer";
				CODE_SIGN_STYLE = Automatic;
				CURRENT_PROJECT_VERSION = 1;
				DEVELOPMENT_TEAM = WB238HTF8G;
				INFOPLIST_FILE = HomeSpace/Info.plist;
				LD_RUNPATH_SEARCH_PATHS = (
					"$(inherited)",
					"@executable_path/Frameworks",
				);
				PRODUCT_BUNDLE_IDENTIFIER = com.FocusNow.Homespace;
				PRODUCT_NAME = "$(TARGET_NAME)";
				PROVISIONING_PROFILE_SPECIFIER = "";
				SWIFT_OBJC_BRIDGING_HEADER = "HomeSpace/HomeSpace-Bridging-Header.h";
				SWIFT_OPTIMIZATION_LEVEL = "-Onone";
				SWIFT_VERSION = 4.2;
				TARGETED_DEVICE_FAMILY = "1,2";
				VERSIONING_SYSTEM = "apple-generic";
			};
			name = Debug;
		};
		C267F52B223920A600D7771F /* Release */ = {
			isa = XCBuildConfiguration;
			baseConfigurationReference = 53F9299AFE62181D7F1E0F61 /* Pods-HomeSpace.release.xcconfig */;
			buildSettings = {
				ASSETCATALOG_COMPILER_APPICON_NAME = AppIcon;
				CLANG_ENABLE_MODULES = YES;
				CODE_SIGN_IDENTITY = "iPhone Developer";
				CODE_SIGN_STYLE = Automatic;
				CURRENT_PROJECT_VERSION = 1;
				DEVELOPMENT_TEAM = WB238HTF8G;
				INFOPLIST_FILE = HomeSpace/Info.plist;
				LD_RUNPATH_SEARCH_PATHS = (
					"$(inherited)",
					"@executable_path/Frameworks",
				);
				PRODUCT_BUNDLE_IDENTIFIER = com.FocusNow.Homespace;
				PRODUCT_NAME = "$(TARGET_NAME)";
				PROVISIONING_PROFILE_SPECIFIER = "";
				SWIFT_OBJC_BRIDGING_HEADER = "HomeSpace/HomeSpace-Bridging-Header.h";
				SWIFT_VERSION = 4.2;
				TARGETED_DEVICE_FAMILY = "1,2";
				VERSIONING_SYSTEM = "apple-generic";
			};
			name = Release;
		};
		C267F52D223920A600D7771F /* Debug */ = {
			isa = XCBuildConfiguration;
			baseConfigurationReference = 937583AAC09932A6680CB808 /* Pods-HomeSpaceTests.debug.xcconfig */;
			buildSettings = {
				ALWAYS_EMBED_SWIFT_STANDARD_LIBRARIES = YES;
				BUNDLE_LOADER = "$(TEST_HOST)";
				CODE_SIGN_STYLE = Automatic;
				DEVELOPMENT_TEAM = SUBZ24DP5B;
				INFOPLIST_FILE = HomeSpaceTests/Info.plist;
				LD_RUNPATH_SEARCH_PATHS = (
					"$(inherited)",
					"@executable_path/Frameworks",
					"@loader_path/Frameworks",
				);
				PRODUCT_BUNDLE_IDENTIFIER = MohammadAli.HomeSpaceTests;
				PRODUCT_NAME = "$(TARGET_NAME)";
				SWIFT_VERSION = 4.2;
				TARGETED_DEVICE_FAMILY = "1,2";
				TEST_HOST = "$(BUILT_PRODUCTS_DIR)/HomeSpace.app/HomeSpace";
			};
			name = Debug;
		};
		C267F52E223920A600D7771F /* Release */ = {
			isa = XCBuildConfiguration;
			baseConfigurationReference = B9CA4E11498A27B59AB3D72D /* Pods-HomeSpaceTests.release.xcconfig */;
			buildSettings = {
				ALWAYS_EMBED_SWIFT_STANDARD_LIBRARIES = YES;
				BUNDLE_LOADER = "$(TEST_HOST)";
				CODE_SIGN_STYLE = Automatic;
				DEVELOPMENT_TEAM = SUBZ24DP5B;
				INFOPLIST_FILE = HomeSpaceTests/Info.plist;
				LD_RUNPATH_SEARCH_PATHS = (
					"$(inherited)",
					"@executable_path/Frameworks",
					"@loader_path/Frameworks",
				);
				PRODUCT_BUNDLE_IDENTIFIER = MohammadAli.HomeSpaceTests;
				PRODUCT_NAME = "$(TARGET_NAME)";
				SWIFT_VERSION = 4.2;
				TARGETED_DEVICE_FAMILY = "1,2";
				TEST_HOST = "$(BUILT_PRODUCTS_DIR)/HomeSpace.app/HomeSpace";
			};
			name = Release;
		};
		C267F530223920A600D7771F /* Debug */ = {
			isa = XCBuildConfiguration;
			baseConfigurationReference = 4A4A173C63466D1140D69724 /* Pods-HomeSpaceUITests.debug.xcconfig */;
			buildSettings = {
				ALWAYS_EMBED_SWIFT_STANDARD_LIBRARIES = YES;
				CODE_SIGN_STYLE = Automatic;
				DEVELOPMENT_TEAM = SUBZ24DP5B;
				INFOPLIST_FILE = HomeSpaceUITests/Info.plist;
				LD_RUNPATH_SEARCH_PATHS = (
					"$(inherited)",
					"@executable_path/Frameworks",
					"@loader_path/Frameworks",
				);
				PRODUCT_BUNDLE_IDENTIFIER = MohammadAli.HomeSpaceUITests;
				PRODUCT_NAME = "$(TARGET_NAME)";
				SWIFT_VERSION = 4.2;
				TARGETED_DEVICE_FAMILY = "1,2";
				TEST_TARGET_NAME = HomeSpace;
			};
			name = Debug;
		};
		C267F531223920A600D7771F /* Release */ = {
			isa = XCBuildConfiguration;
			baseConfigurationReference = D6EBC693928EE0DBE87893C2 /* Pods-HomeSpaceUITests.release.xcconfig */;
			buildSettings = {
				ALWAYS_EMBED_SWIFT_STANDARD_LIBRARIES = YES;
				CODE_SIGN_STYLE = Automatic;
				DEVELOPMENT_TEAM = SUBZ24DP5B;
				INFOPLIST_FILE = HomeSpaceUITests/Info.plist;
				LD_RUNPATH_SEARCH_PATHS = (
					"$(inherited)",
					"@executable_path/Frameworks",
					"@loader_path/Frameworks",
				);
				PRODUCT_BUNDLE_IDENTIFIER = MohammadAli.HomeSpaceUITests;
				PRODUCT_NAME = "$(TARGET_NAME)";
				SWIFT_VERSION = 4.2;
				TARGETED_DEVICE_FAMILY = "1,2";
				TEST_TARGET_NAME = HomeSpace;
			};
			name = Release;
		};
/* End XCBuildConfiguration section */

/* Begin XCConfigurationList section */
		C267F4FC223920A400D7771F /* Build configuration list for PBXProject "HomeSpace" */ = {
			isa = XCConfigurationList;
			buildConfigurations = (
				C267F527223920A600D7771F /* Debug */,
				C267F528223920A600D7771F /* Release */,
			);
			defaultConfigurationIsVisible = 0;
			defaultConfigurationName = Release;
		};
		C267F529223920A600D7771F /* Build configuration list for PBXNativeTarget "HomeSpace" */ = {
			isa = XCConfigurationList;
			buildConfigurations = (
				C267F52A223920A600D7771F /* Debug */,
				C267F52B223920A600D7771F /* Release */,
			);
			defaultConfigurationIsVisible = 0;
			defaultConfigurationName = Release;
		};
		C267F52C223920A600D7771F /* Build configuration list for PBXNativeTarget "HomeSpaceTests" */ = {
			isa = XCConfigurationList;
			buildConfigurations = (
				C267F52D223920A600D7771F /* Debug */,
				C267F52E223920A600D7771F /* Release */,
			);
			defaultConfigurationIsVisible = 0;
			defaultConfigurationName = Release;
		};
		C267F52F223920A600D7771F /* Build configuration list for PBXNativeTarget "HomeSpaceUITests" */ = {
			isa = XCConfigurationList;
			buildConfigurations = (
				C267F530223920A600D7771F /* Debug */,
				C267F531223920A600D7771F /* Release */,
			);
			defaultConfigurationIsVisible = 0;
			defaultConfigurationName = Release;
		};
/* End XCConfigurationList section */
	};
	rootObject = C267F4F9223920A400D7771F /* Project object */;
}
